<?xml version="1.0" encoding="utf-8"?>
<Project ToolsVersion="16.0" xmlns="http://schemas.microsoft.com/developer/msbuild/2003">
  <ItemGroup>
    <ClCompile Include="D:\Bachelor\GPUSAT\GPUSAT\src\FitnessFunctions\CutSetWidthFitnessFunction.cpp">
      <Filter>Source Files</Filter>
    </ClCompile>
    <ClCompile Include="D:\Bachelor\GPUSAT\GPUSAT\src\FitnessFunctions\JoinSizeFitnessFunction.cpp">
      <Filter>Source Files</Filter>
    </ClCompile>
    <ClCompile Include="D:\Bachelor\GPUSAT\GPUSAT\src\FitnessFunctions\NumJoinFitnessFunction.cpp">
      <Filter>Source Files</Filter>
    </ClCompile>
    <ClCompile Include="D:\Bachelor\GPUSAT\GPUSAT\src\FitnessFunctions\WidthCutSetFitnessFunction.cpp">
      <Filter>Source Files</Filter>
    </ClCompile>
    <ClCompile Include="D:\Bachelor\GPUSAT\GPUSAT\src\decomposer.cpp">
      <Filter>Source Files</Filter>
    </ClCompile>
    <ClCompile Include="D:\Bachelor\GPUSAT\GPUSAT\src\gpusatparser.cpp">
      <Filter>Source Files</Filter>
    </ClCompile>
    <ClCompile Include="D:\Bachelor\GPUSAT\GPUSAT\src\gpusatpreprocessor.cpp">
      <Filter>Source Files</Filter>
    </ClCompile>
    <ClCompile Include="D:\Bachelor\GPUSAT\GPUSAT\src\main.cpp">
      <Filter>Source Files</Filter>
    </ClCompile>
    <ClCompile Include="D:\Bachelor\GPUSAT\GPUSAT\src\solver.cpp">
      <Filter>Source Files</Filter>
    </ClCompile>
  </ItemGroup>
  <ItemGroup>
    <CustomBuild Include="D:\Bachelor\GPUSAT\GPUSAT\CMakeLists.txt" />
  </ItemGroup>
  <ItemGroup>
    <Filter Include="Source Files">
      <UniqueIdentifier>{7A7B3CED-7D6D-36E3-B9C7-F6883EBEA8AE}</UniqueIdentifier>
    </Filter>
  </ItemGroup>
</Project>
